
Microsoft Visual Studio Solution File, Format Version 12.00
# Visual Studio 15
VisualStudioVersion = 15.0.26124.0
MinimumVisualStudioVersion = 15.0.26124.0
Project("{FAE04EC0-301F-11D3-BF4B-00C04F79EFBC}") = "MiniMal", "MiniMal\MiniMal.csproj", "{99E20601-1947-4910-BFFF-8B179FD31C6C}"
EndProject
Project("{FAE04EC0-301F-11D3-BF4B-00C04F79EFBC}") = "MiniMal.Tests", "MiniMal.Tests\MiniMal.Tests.csproj", "{6BC4D6FD-D5D9-471B-B027-9F945A9BDA62}"
EndProject
Global
	GlobalSection(SolutionConfigurationPlatforms) = preSolution
		Debug|Any CPU = Debug|Any CPU
		Debug|x64 = Debug|x64
		Debug|x86 = Debug|x86
		Release|Any CPU = Release|Any CPU
		Release|x64 = Release|x64
		Release|x86 = Release|x86
	EndGlobalSection
	GlobalSection(SolutionProperties) = preSolution
		HideSolutionNode = FALSE
	EndGlobalSection
	GlobalSection(ProjectConfigurationPlatforms) = postSolution
		{99E20601-1947-4910-BFFF-8B179FD31C6C}.Debug|Any CPU.ActiveCfg = Debug|Any CPU
		{99E20601-1947-4910-BFFF-8B179FD31C6C}.Debug|Any CPU.Build.0 = Debug|Any CPU
		{99E20601-1947-4910-BFFF-8B179FD31C6C}.Debug|x64.ActiveCfg = Debug|Any CPU
		{99E20601-1947-4910-BFFF-8B179FD31C6C}.Debug|x64.Build.0 = Debug|Any CPU
		{99E20601-1947-4910-BFFF-8B179FD31C6C}.Debug|x86.ActiveCfg = Debug|Any CPU
		{99E20601-1947-4910-BFFF-8B179FD31C6C}.Debug|x86.Build.0 = Debug|Any CPU
		{99E20601-1947-4910-BFFF-8B179FD31C6C}.Release|Any CPU.ActiveCfg = Release|Any CPU
		{99E20601-1947-4910-BFFF-8B179FD31C6C}.Release|Any CPU.Build.0 = Release|Any CPU
		{99E20601-1947-4910-BFFF-8B179FD31C6C}.Release|x64.ActiveCfg = Release|Any CPU
		{99E20601-1947-4910-BFFF-8B179FD31C6C}.Release|x64.Build.0 = Release|Any CPU
		{99E20601-1947-4910-BFFF-8B179FD31C6C}.Release|x86.ActiveCfg = Release|Any CPU
		{99E20601-1947-4910-BFFF-8B179FD31C6C}.Release|x86.Build.0 = Release|Any CPU
		{6BC4D6FD-D5D9-471B-B027-9F945A9BDA62}.Debug|Any CPU.ActiveCfg = Debug|Any CPU
		{6BC4D6FD-D5D9-471B-B027-9F945A9BDA62}.Debug|Any CPU.Build.0 = Debug|Any CPU
		{6BC4D6FD-D5D9-471B-B027-9F945A9BDA62}.Debug|x64.ActiveCfg = Debug|Any CPU
		{6BC4D6FD-D5D9-471B-B027-9F945A9BDA62}.Debug|x64.Build.0 = Debug|Any CPU
		{6BC4D6FD-D5D9-471B-B027-9F945A9BDA62}.Debug|x86.ActiveCfg = Debug|Any CPU
		{6BC4D6FD-D5D9-471B-B027-9F945A9BDA62}.Debug|x86.Build.0 = Debug|Any CPU
		{6BC4D6FD-D5D9-471B-B027-9F945A9BDA62}.Release|Any CPU.ActiveCfg = Release|Any CPU
		{6BC4D6FD-D5D9-471B-B027-9F945A9BDA62}.Release|Any CPU.Build.0 = Release|Any CPU
		{6BC4D6FD-D5D9-471B-B027-9F945A9BDA62}.Release|x64.ActiveCfg = Release|Any CPU
		{6BC4D6FD-D5D9-471B-B027-9F945A9BDA62}.Release|x64.Build.0 = Release|Any CPU
		{6BC4D6FD-D5D9-471B-B027-9F945A9BDA62}.Release|x86.ActiveCfg = Release|Any CPU
		{6BC4D6FD-D5D9-471B-B027-9F945A9BDA62}.Release|x86.Build.0 = Release|Any CPU
	EndGlobalSection
EndGlobal
