
Microsoft Visual Studio Solution File, Format Version 12.00
# Visual Studio Version 16
VisualStudioVersion = 16.0.30523.141
MinimumVisualStudioVersion = 10.0.40219.1
Project("{FAE04EC0-301F-11D3-BF4B-00C04F79EFBC}") = "DekoratorPattern", "DekoratorPattern\DekoratorPattern.csproj", "{07BF9B6A-876E-4510-A435-CE76A16C88EA}"
EndProject
Global
	GlobalSection(SolutionConfigurationPlatforms) = preSolution
		Debug|Any CPU = Debug|Any CPU
		Release|Any CPU = Release|Any CPU
	EndGlobalSection
	GlobalSection(ProjectConfigurationPlatforms) = postSolution
		{07BF9B6A-876E-4510-A435-CE76A16C88EA}.Debug|Any CPU.ActiveCfg = Debug|Any CPU
		{07BF9B6A-876E-4510-A435-CE76A16C88EA}.Debug|Any CPU.Build.0 = Debug|Any CPU
		{07BF9B6A-876E-4510-A435-CE76A16C88EA}.Release|Any CPU.ActiveCfg = Release|Any CPU
		{07BF9B6A-876E-4510-A435-CE76A16C88EA}.Release|Any CPU.Build.0 = Release|Any CPU
	EndGlobalSection
	GlobalSection(SolutionProperties) = preSolution
		HideSolutionNode = FALSE
	EndGlobalSection
	GlobalSection(ExtensibilityGlobals) = postSolution
		SolutionGuid = {3467EAE4-7671-47D7-8720-4564043D6114}
	EndGlobalSection
EndGlobal
