
Microsoft Visual Studio Solution File, Format Version 12.00
# Visual Studio Version 16
VisualStudioVersion = 16.0.30114.105
MinimumVisualStudioVersion = 10.0.40219.1
Project("{FAE04EC0-301F-11D3-BF4B-00C04F79EFBC}") = "MiniMal", "MiniMal\MiniMal.csproj", "{C9B53107-11F7-4BCD-9FB7-528D1FFDB1D3}"
EndProject
Project("{FAE04EC0-301F-11D3-BF4B-00C04F79EFBC}") = "MiniMal.Test", "MiniMal.Tests\MiniMal.Tests.csproj", "{0200889F-F4B0-43AF-86F2-61673C5F71E1}"
EndProject
Global
	GlobalSection(SolutionConfigurationPlatforms) = preSolution
		Debug|Any CPU = Debug|Any CPU
		Release|Any CPU = Release|Any CPU
	EndGlobalSection
	GlobalSection(SolutionProperties) = preSolution
		HideSolutionNode = FALSE
	EndGlobalSection
	GlobalSection(ProjectConfigurationPlatforms) = postSolution
		{C9B53107-11F7-4BCD-9FB7-528D1FFDB1D3}.Debug|Any CPU.ActiveCfg = Debug|Any CPU
		{C9B53107-11F7-4BCD-9FB7-528D1FFDB1D3}.Debug|Any CPU.Build.0 = Debug|Any CPU
		{C9B53107-11F7-4BCD-9FB7-528D1FFDB1D3}.Release|Any CPU.ActiveCfg = Release|Any CPU
		{C9B53107-11F7-4BCD-9FB7-528D1FFDB1D3}.Release|Any CPU.Build.0 = Release|Any CPU
		{0200889F-F4B0-43AF-86F2-61673C5F71E1}.Debug|Any CPU.ActiveCfg = Debug|Any CPU
		{0200889F-F4B0-43AF-86F2-61673C5F71E1}.Debug|Any CPU.Build.0 = Debug|Any CPU
		{0200889F-F4B0-43AF-86F2-61673C5F71E1}.Release|Any CPU.ActiveCfg = Release|Any CPU
		{0200889F-F4B0-43AF-86F2-61673C5F71E1}.Release|Any CPU.Build.0 = Release|Any CPU
	EndGlobalSection
EndGlobal
